{
  "name": "skillup-app-mongodb",
  "version": "1.0.0",
  "lockfileVersion": 1,
  "requires": true,
  "dependencies": {
    "js-uuid": {
      "version": "0.0.6",
      "resolved": "https://registry.npmjs.org/js-uuid/-/js-uuid-0.0.6.tgz",
      "integrity": "sha1-uxb2gkeOnvrCYrRczCqa31Mypb4="
    }
  }
}
